
Microsoft Visual Studio Solution File, Format Version 12.00
# Visual Studio 15
VisualStudioVersion = 15.0.26430.12
MinimumVisualStudioVersion = 10.0.40219.1
Project("{FAE04EC0-301F-11D3-BF4B-00C04F79EFBC}") = "Restofus", "Restofus\Restofus.csproj", "{C41B8CD0-FED5-4C65-A87C-924C8E6F2C1A}"
EndProject
Project("{FAE04EC0-301F-11D3-BF4B-00C04F79EFBC}") = "Restofus.Resources", "Restofus.Resources\Restofus.Resources.csproj", "{BF43C350-9EDB-4BED-93F4-75CB0A5003A7}"
EndProject
Global
	GlobalSection(SolutionConfigurationPlatforms) = preSolution
		Debug|Any CPU = Debug|Any CPU
		Release|Any CPU = Release|Any CPU
	EndGlobalSection
	GlobalSection(ProjectConfigurationPlatforms) = postSolution
		{C41B8CD0-FED5-4C65-A87C-924C8E6F2C1A}.Debug|Any CPU.ActiveCfg = Debug|Any CPU
		{C41B8CD0-FED5-4C65-A87C-924C8E6F2C1A}.Debug|Any CPU.Build.0 = Debug|Any CPU
		{C41B8CD0-FED5-4C65-A87C-924C8E6F2C1A}.Release|Any CPU.ActiveCfg = Release|Any CPU
		{C41B8CD0-FED5-4C65-A87C-924C8E6F2C1A}.Release|Any CPU.Build.0 = Release|Any CPU
		{BF43C350-9EDB-4BED-93F4-75CB0A5003A7}.Debug|Any CPU.ActiveCfg = Debug|Any CPU
		{BF43C350-9EDB-4BED-93F4-75CB0A5003A7}.Debug|Any CPU.Build.0 = Debug|Any CPU
		{BF43C350-9EDB-4BED-93F4-75CB0A5003A7}.Release|Any CPU.ActiveCfg = Release|Any CPU
		{BF43C350-9EDB-4BED-93F4-75CB0A5003A7}.Release|Any CPU.Build.0 = Release|Any CPU
	EndGlobalSection
	GlobalSection(SolutionProperties) = preSolution
		HideSolutionNode = FALSE
	EndGlobalSection
EndGlobal
